# THIS IS AN AUTOGENERATED FILE. DO NOT EDIT THIS FILE DIRECTLY.
# yarn lockfile v1


binary-parser-encoder@^1.5.2:
  version "1.5.2"
  resolved "https://registry.yarnpkg.com/binary-parser-encoder/-/binary-parser-encoder-1.5.2.tgz#ff0833d9f80ece99f38cdd4bb1ec621c70d84812"
  integrity sha512-bZKR5Qo+pujq+Pvye/ZR94aRbYJx+7WijKAD7RcFi6qgtNJ4kHqAbDaH588VM2N4HylWp08Pm2l0buXqh2t5kw==
  dependencies:
    smart-buffer "^4.1.0"

ctp-node-addon@^1.0.1:
  version "1.0.1"
  resolved "https://registry.yarnpkg.com/ctp-node-addon/-/ctp-node-addon-1.0.1.tgz#53d33b908a761bf90f21db57301a36472e9145bc"
  integrity sha512-9hLhOaucNACrFstXJwazYuIvmwDbalxjAj99rJeAEnPNRp61nWZUPlbmqC53FUvJmxsb17QTN5u7VWthuDsEvg==
  dependencies:
    binary-parser-encoder "^1.5.2"
    iconv-lite "^0.5.1"
    node-addon-api "^2.0.0"

iconv-lite@^0.5.1:
  version "0.5.1"
  resolved "https://registry.yarnpkg.com/iconv-lite/-/iconv-lite-0.5.1.tgz#b2425d3c7b18f7219f2ca663d103bddb91718d64"
  integrity sha512-ONHr16SQvKZNSqjQT9gy5z24Jw+uqfO02/ngBSBoqChZ+W8qXX7GPRa1RoUnzGADw8K63R1BXUMzarCVQBpY8Q==
  dependencies:
    safer-buffer ">= 2.1.2 < 3"

node-addon-api@^2.0.0:
  version "2.0.0"
  resolved "https://registry.yarnpkg.com/node-addon-api/-/node-addon-api-2.0.0.tgz#f9afb8d777a91525244b01775ea0ddbe1125483b"
  integrity sha512-ASCL5U13as7HhOExbT6OlWJJUV/lLzL2voOSP1UVehpRD8FbSrSDjfScK/KwAvVTI5AS6r4VwbOMlIqtvRidnA==

"safer-buffer@>= 2.1.2 < 3":
  version "2.1.2"
  resolved "https://registry.yarnpkg.com/safer-buffer/-/safer-buffer-2.1.2.tgz#44fa161b0187b9549dd84bb91802f9bd8385cd6a"
  integrity sha512-YZo3K82SD7Riyi0E1EQPojLz7kpepnSQI9IyPbHHg1XXXevb5dJI7tpyN2ADxGcQbHG7vcyRHk0cbwqcQriUtg==

smart-buffer@^4.1.0:
  version "4.1.0"
  resolved "https://registry.yarnpkg.com/smart-buffer/-/smart-buffer-4.1.0.tgz#91605c25d91652f4661ea69ccf45f1b331ca21ba"
  integrity sha512-iVICrxOzCynf/SNaBQCw34eM9jROU/s5rzIhpOvzhzuYHfJR/DhZfDkXiZSgKXfgv26HT3Yni3AV/DGw0cGnnw==
